
Microsoft Visual Studio Solution File, Format Version 12.00
# Visual Studio Version 16
VisualStudioVersion = 16.0.30011.22
MinimumVisualStudioVersion = 10.0.40219.1
Project("{9A19103F-16F7-4668-BE54-9A1E7A4F7556}") = "LPO_SAPR", "LPO_SAPR\LPO_SAPR.csproj", "{C8D39FF3-3E1A-4020-B709-9587FA4F6ECD}"
EndProject
Global
	GlobalSection(SolutionConfigurationPlatforms) = preSolution
		Debug|Any CPU = Debug|Any CPU
		Release|Any CPU = Release|Any CPU
	EndGlobalSection
	GlobalSection(ProjectConfigurationPlatforms) = postSolution
		{C8D39FF3-3E1A-4020-B709-9587FA4F6ECD}.Debug|Any CPU.ActiveCfg = Debug|Any CPU
		{C8D39FF3-3E1A-4020-B709-9587FA4F6ECD}.Debug|Any CPU.Build.0 = Debug|Any CPU
		{C8D39FF3-3E1A-4020-B709-9587FA4F6ECD}.Release|Any CPU.ActiveCfg = Release|Any CPU
		{C8D39FF3-3E1A-4020-B709-9587FA4F6ECD}.Release|Any CPU.Build.0 = Release|Any CPU
	EndGlobalSection
	GlobalSection(SolutionProperties) = preSolution
		HideSolutionNode = FALSE
	EndGlobalSection
	GlobalSection(ExtensibilityGlobals) = postSolution
		SolutionGuid = {F045F9D8-03E7-4F9F-8B10-13E4CB966D45}
	EndGlobalSection
EndGlobal
